
Microsoft Visual Studio Solution File, Format Version 12.00
# Visual Studio 14
VisualStudioVersion = 14.0.25420.1
MinimumVisualStudioVersion = 10.0.40219.1
Project("{E24C65DC-7377-472B-9ABA-BC803B73C61A}") = "Saitti", "Saitti\", "{3E07E2B3-CB80-4885-B897-D2149243510F}"
	ProjectSection(WebsiteProperties) = preProject
		TargetFrameworkMoniker = ".NETFramework,Version%3Dv4.5"
		Debug.AspNetCompiler.VirtualPath = "/localhost_13303"
		Debug.AspNetCompiler.PhysicalPath = "Saitti\"
		Debug.AspNetCompiler.TargetPath = "PrecompiledWeb\localhost_13303\"
		Debug.AspNetCompiler.Updateable = "true"
		Debug.AspNetCompiler.ForceOverwrite = "true"
		Debug.AspNetCompiler.FixedNames = "false"
		Debug.AspNetCompiler.Debug = "True"
		Release.AspNetCompiler.VirtualPath = "/localhost_13303"
		Release.AspNetCompiler.PhysicalPath = "Saitti\"
		Release.AspNetCompiler.TargetPath = "PrecompiledWeb\localhost_13303\"
		Release.AspNetCompiler.Updateable = "true"
		Release.AspNetCompiler.ForceOverwrite = "true"
		Release.AspNetCompiler.FixedNames = "false"
		Release.AspNetCompiler.Debug = "False"
		VWDPort = "13303"
		SlnRelativePath = "Saitti\"
	EndProjectSection
EndProject
Project("{E24C65DC-7377-472B-9ABA-BC803B73C61A}") = "Ikkunatarjous", "Ikkunatarjous\", "{DFCE5B8A-D078-4FE7-91F5-1451C29C25D4}"
	ProjectSection(WebsiteProperties) = preProject
		TargetFrameworkMoniker = ".NETFramework,Version%3Dv4.5.2"
		Debug.AspNetCompiler.VirtualPath = "/localhost_58396"
		Debug.AspNetCompiler.PhysicalPath = "Ikkunatarjous\"
		Debug.AspNetCompiler.TargetPath = "PrecompiledWeb\localhost_58396\"
		Debug.AspNetCompiler.Updateable = "true"
		Debug.AspNetCompiler.ForceOverwrite = "true"
		Debug.AspNetCompiler.FixedNames = "false"
		Debug.AspNetCompiler.Debug = "True"
		Release.AspNetCompiler.VirtualPath = "/localhost_58396"
		Release.AspNetCompiler.PhysicalPath = "Ikkunatarjous\"
		Release.AspNetCompiler.TargetPath = "PrecompiledWeb\localhost_58396\"
		Release.AspNetCompiler.Updateable = "true"
		Release.AspNetCompiler.ForceOverwrite = "true"
		Release.AspNetCompiler.FixedNames = "false"
		Release.AspNetCompiler.Debug = "False"
		VWDPort = "58396"
		SlnRelativePath = "Ikkunatarjous\"
	EndProjectSection
EndProject
Project("{E24C65DC-7377-472B-9ABA-BC803B73C61A}") = "Lotto", "Lotto\", "{670E0A70-EB30-496D-B407-E46AB787BD89}"
	ProjectSection(WebsiteProperties) = preProject
		TargetFrameworkMoniker = ".NETFramework,Version%3Dv4.5.2"
		Debug.AspNetCompiler.VirtualPath = "/localhost_58614"
		Debug.AspNetCompiler.PhysicalPath = "Lotto\"
		Debug.AspNetCompiler.TargetPath = "PrecompiledWeb\localhost_58614\"
		Debug.AspNetCompiler.Updateable = "true"
		Debug.AspNetCompiler.ForceOverwrite = "true"
		Debug.AspNetCompiler.FixedNames = "false"
		Debug.AspNetCompiler.Debug = "True"
		Release.AspNetCompiler.VirtualPath = "/localhost_58614"
		Release.AspNetCompiler.PhysicalPath = "Lotto\"
		Release.AspNetCompiler.TargetPath = "PrecompiledWeb\localhost_58614\"
		Release.AspNetCompiler.Updateable = "true"
		Release.AspNetCompiler.ForceOverwrite = "true"
		Release.AspNetCompiler.FixedNames = "false"
		Release.AspNetCompiler.Debug = "False"
		VWDPort = "58614"
		SlnRelativePath = "Lotto\"
	EndProjectSection
EndProject
Project("{E24C65DC-7377-472B-9ABA-BC803B73C61A}") = "Kalenteri", "Kalenteri\", "{221F8B23-DD14-402B-AF6D-194E23461BAF}"
	ProjectSection(WebsiteProperties) = preProject
		TargetFrameworkMoniker = ".NETFramework,Version%3Dv4.5.2"
		Debug.AspNetCompiler.VirtualPath = "/localhost_58901"
		Debug.AspNetCompiler.PhysicalPath = "Kalenteri\"
		Debug.AspNetCompiler.TargetPath = "PrecompiledWeb\localhost_58901\"
		Debug.AspNetCompiler.Updateable = "true"
		Debug.AspNetCompiler.ForceOverwrite = "true"
		Debug.AspNetCompiler.FixedNames = "false"
		Debug.AspNetCompiler.Debug = "True"
		Release.AspNetCompiler.VirtualPath = "/localhost_58901"
		Release.AspNetCompiler.PhysicalPath = "Kalenteri\"
		Release.AspNetCompiler.TargetPath = "PrecompiledWeb\localhost_58901\"
		Release.AspNetCompiler.Updateable = "true"
		Release.AspNetCompiler.ForceOverwrite = "true"
		Release.AspNetCompiler.FixedNames = "false"
		Release.AspNetCompiler.Debug = "False"
		VWDPort = "58901"
		SlnRelativePath = "Kalenteri\"
	EndProjectSection
EndProject
Project("{E24C65DC-7377-472B-9ABA-BC803B73C61A}") = "AsiakastiedotSQL", "AsiakastiedotSQL\", "{D6DE3470-4AB4-4FE0-9894-BACBDBFEECBA}"
	ProjectSection(WebsiteProperties) = preProject
		TargetFrameworkMoniker = ".NETFramework,Version%3Dv4.5.2"
		Debug.AspNetCompiler.VirtualPath = "/localhost_59333"
		Debug.AspNetCompiler.PhysicalPath = "AsiakastiedotSQL\"
		Debug.AspNetCompiler.TargetPath = "PrecompiledWeb\localhost_59333\"
		Debug.AspNetCompiler.Updateable = "true"
		Debug.AspNetCompiler.ForceOverwrite = "true"
		Debug.AspNetCompiler.FixedNames = "false"
		Debug.AspNetCompiler.Debug = "True"
		Release.AspNetCompiler.VirtualPath = "/localhost_59333"
		Release.AspNetCompiler.PhysicalPath = "AsiakastiedotSQL\"
		Release.AspNetCompiler.TargetPath = "PrecompiledWeb\localhost_59333\"
		Release.AspNetCompiler.Updateable = "true"
		Release.AspNetCompiler.ForceOverwrite = "true"
		Release.AspNetCompiler.FixedNames = "false"
		Release.AspNetCompiler.Debug = "False"
		VWDPort = "59333"
		SlnRelativePath = "AsiakastiedotSQL\"
	EndProjectSection
EndProject
Project("{FAE04EC0-301F-11D3-BF4B-00C04F79EFBC}") = "AsiakastiedotEntityFramework", "AsiakastiedotEntityFramework\AsiakastiedotEntityFramework.csproj", "{0E205E41-A1BF-47A3-97DD-F9E49A3E7971}"
EndProject
Global
	GlobalSection(SolutionConfigurationPlatforms) = preSolution
		Debug|Any CPU = Debug|Any CPU
		Release|Any CPU = Release|Any CPU
	EndGlobalSection
	GlobalSection(ProjectConfigurationPlatforms) = postSolution
		{3E07E2B3-CB80-4885-B897-D2149243510F}.Debug|Any CPU.ActiveCfg = Debug|Any CPU
		{3E07E2B3-CB80-4885-B897-D2149243510F}.Debug|Any CPU.Build.0 = Debug|Any CPU
		{3E07E2B3-CB80-4885-B897-D2149243510F}.Release|Any CPU.ActiveCfg = Debug|Any CPU
		{3E07E2B3-CB80-4885-B897-D2149243510F}.Release|Any CPU.Build.0 = Debug|Any CPU
		{DFCE5B8A-D078-4FE7-91F5-1451C29C25D4}.Debug|Any CPU.ActiveCfg = Debug|Any CPU
		{DFCE5B8A-D078-4FE7-91F5-1451C29C25D4}.Debug|Any CPU.Build.0 = Debug|Any CPU
		{DFCE5B8A-D078-4FE7-91F5-1451C29C25D4}.Release|Any CPU.ActiveCfg = Debug|Any CPU
		{DFCE5B8A-D078-4FE7-91F5-1451C29C25D4}.Release|Any CPU.Build.0 = Debug|Any CPU
		{670E0A70-EB30-496D-B407-E46AB787BD89}.Debug|Any CPU.ActiveCfg = Debug|Any CPU
		{670E0A70-EB30-496D-B407-E46AB787BD89}.Debug|Any CPU.Build.0 = Debug|Any CPU
		{670E0A70-EB30-496D-B407-E46AB787BD89}.Release|Any CPU.ActiveCfg = Debug|Any CPU
		{670E0A70-EB30-496D-B407-E46AB787BD89}.Release|Any CPU.Build.0 = Debug|Any CPU
		{221F8B23-DD14-402B-AF6D-194E23461BAF}.Debug|Any CPU.ActiveCfg = Debug|Any CPU
		{221F8B23-DD14-402B-AF6D-194E23461BAF}.Debug|Any CPU.Build.0 = Debug|Any CPU
		{221F8B23-DD14-402B-AF6D-194E23461BAF}.Release|Any CPU.ActiveCfg = Debug|Any CPU
		{221F8B23-DD14-402B-AF6D-194E23461BAF}.Release|Any CPU.Build.0 = Debug|Any CPU
		{D6DE3470-4AB4-4FE0-9894-BACBDBFEECBA}.Debug|Any CPU.ActiveCfg = Debug|Any CPU
		{D6DE3470-4AB4-4FE0-9894-BACBDBFEECBA}.Debug|Any CPU.Build.0 = Debug|Any CPU
		{D6DE3470-4AB4-4FE0-9894-BACBDBFEECBA}.Release|Any CPU.ActiveCfg = Debug|Any CPU
		{D6DE3470-4AB4-4FE0-9894-BACBDBFEECBA}.Release|Any CPU.Build.0 = Debug|Any CPU
		{0E205E41-A1BF-47A3-97DD-F9E49A3E7971}.Debug|Any CPU.ActiveCfg = Debug|Any CPU
		{0E205E41-A1BF-47A3-97DD-F9E49A3E7971}.Debug|Any CPU.Build.0 = Debug|Any CPU
		{0E205E41-A1BF-47A3-97DD-F9E49A3E7971}.Release|Any CPU.ActiveCfg = Release|Any CPU
		{0E205E41-A1BF-47A3-97DD-F9E49A3E7971}.Release|Any CPU.Build.0 = Release|Any CPU
	EndGlobalSection
	GlobalSection(SolutionProperties) = preSolution
		HideSolutionNode = FALSE
	EndGlobalSection
EndGlobal
